dependencies:
- name: web-ui
  repository: file://../web-ui
  version: 0.1.0
- name: api-gateway
  repository: file://../api-gateway
  version: 0.1.0
- name: download-service
  repository: file://../download-service
  version: 0.1.0
- name: upload-service
  repository: file://../upload-service
  version: 0.1.0
- name: file-service
  repository: file://../file-service
  version: 0.1.0
- name: authenticator
  repository: file://../authenticator
  version: 0.1.0
digest: sha256:5ade0c03fb400561c6e005cf450e78c56ecb3d9dc256204f9187fe697a9fcdef
generated: "2019-05-13T14:50:48.098427194+03:00"
