dependencies:
- name: web-ui
  repository: file://../web-ui
  version: 0.1.0
- name: api-gateway
  repository: file://../api-gateway
  version: 0.1.0
- name: download-service
  repository: file://../download-service
  version: 0.1.0
- name: upload-service
  repository: file://../upload-service
  version: 0.1.0
digest: sha256:a5bf2c8e40bff588648fa9fbf79df046aaba4c37c63982ce7ed5d60c1905f743
generated: 2019-05-02T12:46:10.654406914+03:00
